// !$*UTF8*$!
{
	archiveVersion = 1;
	classes = {
	};
	objectVersion = 56;
	objects = {

/* Begin PBXBuildFile section */
		DDAF9F9C2CBF0EBD004827E5 /* ImageViewerApp.swift in Sources */ = {isa = PBXBuildFile; fileRef = DDAF9F9B2CBF0EBD004827E5 /* ImageViewerApp.swift */; };
		DDAF9F9E2CBF0EBD004827E5 /* ContentView.swift in Sources */ = {isa = PBXBuildFile; fileRef = DDAF9F9D2CBF0EBD004827E5 /* ContentView.swift */; };
		DDAF9FA02CBF0EC0004827E5 /* Assets.xcassets in Resources */ = {isa = PBXBuildFile; fileRef = DDAF9F9F2CBF0EC0004827E5 /* Assets.xcassets */; };
		DDAF9FA32CBF0EC0004827E5 /* Preview Assets.xcassets in Resources */ = {isa = PBXBuildFile; fileRef = DDAF9FA22CBF0EC0004827E5 /* Preview Assets.xcassets */; };
		DDAF9FAD2CBF0EC0004827E5 /* ImageViewerTests.swift in Sources */ = {isa = PBXBuildFile; fileRef = DDAF9FAC2CBF0EC0004827E5 /* ImageViewerTests.swift */; };
		DDAF9FB72CBF0EC0004827E5 /* ImageViewerUITests.swift in Sources */ = {isa = PBXBuildFile; fileRef = DDAF9FB62CBF0EC0004827E5 /* ImageViewerUITests.swift */; };
		DDAF9FB92CBF0EC0004827E5 /* ImageViewerUITestsLaunchTests.swift in Sources */ = {isa = PBXBuildFile; fileRef = DDAF9FB82CBF0EC0004827E5 /* ImageViewerUITestsLaunchTests.swift */; };
/* End PBXBuildFile section */

/* Begin PBXContainerItemProxy section */
		DDAF9FA92CBF0EC0004827E5 /* PBXContainerItemProxy */ = {
			isa = PBXContainerItemProxy;
			containerPortal = DDAF9F902CBF0EBD004827E5 /* Project object */;
			proxyType = 1;
			remoteGlobalIDString = DDAF9F972CBF0EBD004827E5;
			remoteInfo = ImageViewer;
		};
		DDAF9FB32CBF0EC0004827E5 /* PBXContainerItemProxy */ = {
			isa = PBXContainerItemProxy;
			containerPortal = DDAF9F902CBF0EBD004827E5 /* Project object */;
			proxyType = 1;
			remoteGlobalIDString = DDAF9F972CBF0EBD004827E5;
			remoteInfo = ImageViewer;
		};
/* End PBXContainerItemProxy section */

/* Begin PBXFileReference section */
		DDAF9F982CBF0EBD004827E5 /* ImageViewer.app */ = {isa = PBXFileReference; explicitFileType = wrapper.application; includeInIndex = 0; path = ImageViewer.app; sourceTree = BUILT_PRODUCTS_DIR; };
		DDAF9F9B2CBF0EBD004827E5 /* ImageViewerApp.swift */ = {isa = PBXFileReference; lastKnownFileType = sourcecode.swift; path = ImageViewerApp.swift; sourceTree = "<group>"; };
		DDAF9F9D2CBF0EBD004827E5 /* ContentView.swift */ = {isa = PBXFileReference; lastKnownFileType = sourcecode.swift; path = ContentView.swift; sourceTree = "<group>"; };
		DDAF9F9F2CBF0EC0004827E5 /* Assets.xcassets */ = {isa = PBXFileReference; lastKnownFileType = folder.assetcatalog; path = Assets.xcassets; sourceTree = "<group>"; };
		DDAF9FA22CBF0EC0004827E5 /* Preview Assets.xcassets */ = {isa = PBXFileReference; lastKnownFileType = folder.assetcatalog; path = "Preview Assets.xcassets"; sourceTree = "<group>"; };
		DDAF9FA82CBF0EC0004827E5 /* ImageViewerTests.xctest */ = {isa = PBXFileReference; explicitFileType = wrapper.cfbundle; includeInIndex = 0; path = ImageViewerTests.xctest; sourceTree = BUILT_PRODUCTS_DIR; };
		DDAF9FAC2CBF0EC0004827E5 /* ImageViewerTests.swift */ = {isa = PBXFileReference; lastKnownFileType = sourcecode.swift; path = ImageViewerTests.swift; sourceTree = "<group>"; };
		DDAF9FB22CBF0EC0004827E5 /* ImageViewerUITests.xctest */ = {isa = PBXFileReference; explicitFileType = wrapper.cfbundle; includeInIndex = 0; path = ImageViewerUITests.xctest; sourceTree = BUILT_PRODUCTS_DIR; };
		DDAF9FB62CBF0EC0004827E5 /* ImageViewerUITests.swift */ = {isa = PBXFileReference; lastKnownFileType = sourcecode.swift; path = ImageViewerUITests.swift; sourceTree = "<group>"; };
		DDAF9FB82CBF0EC0004827E5 /* ImageViewerUITestsLaunchTests.swift */ = {isa = PBXFileReference; lastKnownFileType = sourcecode.swift; path = ImageViewerUITestsLaunchTests.swift; sourceTree = "<group>"; };
/* End PBXFileReference section */

/* Begin PBXFrameworksBuildPhase section */
		DDAF9F952CBF0EBD004827E5 /* Frameworks */ = {
			isa = PBXFrameworksBuildPhase;
			buildActionMask = 2147483647;
			files = (
			);
			runOnlyForDeploymentPostprocessing = 0;
		};
		DDAF9FA52CBF0EC0004827E5 /* Frameworks */ = {
			isa = PBXFrameworksBuildPhase;
			buildActionMask = 2147483647;
			files = (
			);
			runOnlyForDeploymentPostprocessing = 0;
		};
		DDAF9FAF2CBF0EC0004827E5 /* Frameworks */ = {
			isa = PBXFrameworksBuildPhase;
			buildActionMask = 2147483647;
			files = (
			);
			runOnlyForDeploymentPostprocessing = 0;
		};
/* End PBXFrameworksBuildPhase section */

/* Begin PBXGroup section */
		DDAF9F8F2CBF0EBD004827E5 = {
			isa = PBXGroup;
			children = (
				DDAF9F9A2CBF0EBD004827E5 /* ImageViewer */,
				DDAF9FAB2CBF0EC0004827E5 /* ImageViewerTests */,
				DDAF9FB52CBF0EC0004827E5 /* ImageViewerUITests */,
				DDAF9F992CBF0EBD004827E5 /* Products */,
			);
			sourceTree = "<group>";
		};
		DDAF9F992CBF0EBD004827E5 /* Products */ = {
			isa = PBXGroup;
			children = (
				DDAF9F982CBF0EBD004827E5 /* ImageViewer.app */,
				DDAF9FA82CBF0EC0004827E5 /* ImageViewerTests.xctest */,
				DDAF9FB22CBF0EC0004827E5 /* ImageViewerUITests.xctest */,
			);
			name = Products;
			sourceTree = "<group>";
		};
		DDAF9F9A2CBF0EBD004827E5 /* ImageViewer */ = {
			isa = PBXGroup;
			children = (
				DDAF9F9B2CBF0EBD004827E5 /* ImageViewerApp.swift */,
				DDAF9F9D2CBF0EBD004827E5 /* ContentView.swift */,
				DDAF9F9F2CBF0EC0004827E5 /* Assets.xcassets */,
				DDAF9FA12CBF0EC0004827E5 /* Preview Content */,
			);
			path = ImageViewer;
			sourceTree = "<group>";
		};
		DDAF9FA12CBF0EC0004827E5 /* Preview Content */ = {
			isa = PBXGroup;
			children = (
				DDAF9FA22CBF0EC0004827E5 /* Preview Assets.xcassets */,
			);
			path = "Preview Content";
			sourceTree = "<group>";
		};
		DDAF9FAB2CBF0EC0004827E5 /* ImageViewerTests */ = {
			isa = PBXGroup;
			children = (
				DDAF9FAC2CBF0EC0004827E5 /* ImageViewerTests.swift */,
			);
			path = ImageViewerTests;
			sourceTree = "<group>";
		};
		DDAF9FB52CBF0EC0004827E5 /* ImageViewerUITests */ = {
			isa = PBXGroup;
			children = (
				DDAF9FB62CBF0EC0004827E5 /* ImageViewerUITests.swift */,
				DDAF9FB82CBF0EC0004827E5 /* ImageViewerUITestsLaunchTests.swift */,
			);
			path = ImageViewerUITests;
			sourceTree = "<group>";
		};
/* End PBXGroup section */

/* Begin PBXNativeTarget section */
		DDAF9F972CBF0EBD004827E5 /* ImageViewer */ = {
			isa = PBXNativeTarget;
			buildConfigurationList = DDAF9FBC2CBF0EC0004827E5 /* Build configuration list for PBXNativeTarget "ImageViewer" */;
			buildPhases = (
				DDAF9F942CBF0EBD004827E5 /* Sources */,
				DDAF9F952CBF0EBD004827E5 /* Frameworks */,
				DDAF9F962CBF0EBD004827E5 /* Resources */,
			);
			buildRules = (
			);
			dependencies = (
			);
			name = ImageViewer;
			productName = ImageViewer;
			productReference = DDAF9F982CBF0EBD004827E5 /* ImageViewer.app */;
			productType = "com.apple.product-type.application";
		};
		DDAF9FA72CBF0EC0004827E5 /* ImageViewerTests */ = {
			isa = PBXNativeTarget;
			buildConfigurationList = DDAF9FBF2CBF0EC0004827E5 /* Build configuration list for PBXNativeTarget "ImageViewerTests" */;
			buildPhases = (
				DDAF9FA42CBF0EC0004827E5 /* Sources */,
				DDAF9FA52CBF0EC0004827E5 /* Frameworks */,
				DDAF9FA62CBF0EC0004827E5 /* Resources */,
			);
			buildRules = (
			);
			dependencies = (
				DDAF9FAA2CBF0EC0004827E5 /* PBXTargetDependency */,
			);
			name = ImageViewerTests;
			productName = ImageViewerTests;
			productReference = DDAF9FA82CBF0EC0004827E5 /* ImageViewerTests.xctest */;
			productType = "com.apple.product-type.bundle.unit-test";
		};
		DDAF9FB12CBF0EC0004827E5 /* ImageViewerUITests */ = {
			isa = PBXNativeTarget;
			buildConfigurationList = DDAF9FC22CBF0EC0004827E5 /* Build configuration list for PBXNativeTarget "ImageViewerUITests" */;
			buildPhases = (
				DDAF9FAE2CBF0EC0004827E5 /* Sources */,
				DDAF9FAF2CBF0EC0004827E5 /* Frameworks */,
				DDAF9FB02CBF0EC0004827E5 /* Resources */,
			);
			buildRules = (
			);
			dependencies = (
				DDAF9FB42CBF0EC0004827E5 /* PBXTargetDependency */,
			);
			name = ImageViewerUITests;
			productName = ImageViewerUITests;
			productReference = DDAF9FB22CBF0EC0004827E5 /* ImageViewerUITests.xctest */;
			productType = "com.apple.product-type.bundle.ui-testing";
		};
/* End PBXNativeTarget section */

/* Begin PBXProject section */
		DDAF9F902CBF0EBD004827E5 /* Project object */ = {
			isa = PBXProject;
			attributes = {
				BuildIndependentTargetsInParallel = 1;
				LastSwiftUpdateCheck = 1530;
				LastUpgradeCheck = 1530;
				TargetAttributes = {
					DDAF9F972CBF0EBD004827E5 = {
						CreatedOnToolsVersion = 15.3;
					};
					DDAF9FA72CBF0EC0004827E5 = {
						CreatedOnToolsVersion = 15.3;
						TestTargetID = DDAF9F972CBF0EBD004827E5;
					};
					DDAF9FB12CBF0EC0004827E5 = {
						CreatedOnToolsVersion = 15.3;
						TestTargetID = DDAF9F972CBF0EBD004827E5;
					};
				};
			};
			buildConfigurationList = DDAF9F932CBF0EBD004827E5 /* Build configuration list for PBXProject "ImageViewer" */;
			compatibilityVersion = "Xcode 14.0";
			developmentRegion = en;
			hasScannedForEncodings = 0;
			knownRegions = (
				en,
				Base,
			);
			mainGroup = DDAF9F8F2CBF0EBD004827E5;
			productRefGroup = DDAF9F992CBF0EBD004827E5 /* Products */;
			projectDirPath = "";
			projectRoot = "";
			targets = (
				DDAF9F972CBF0EBD004827E5 /* ImageViewer */,
				DDAF9FA72CBF0EC0004827E5 /* ImageViewerTests */,
				DDAF9FB12CBF0EC0004827E5 /* ImageViewerUITests */,
			);
		};
/* End PBXProject section */

/* Begin PBXResourcesBuildPhase section */
		DDAF9F962CBF0EBD004827E5 /* Resources */ = {
			isa = PBXResourcesBuildPhase;
			buildActionMask = 2147483647;
			files = (
				DDAF9FA32CBF0EC0004827E5 /* Preview Assets.xcassets in Resources */,
				DDAF9FA02CBF0EC0004827E5 /* Assets.xcassets in Resources */,
			);
			runOnlyForDeploymentPostprocessing = 0;
		};
		DDAF9FA62CBF0EC0004827E5 /* Resources */ = {
			isa = PBXResourcesBuildPhase;
			buildActionMask = 2147483647;
			files = (
			);
			runOnlyForDeploymentPostprocessing = 0;
		};
		DDAF9FB02CBF0EC0004827E5 /* Resources */ = {
			isa = PBXResourcesBuildPhase;
			buildActionMask = 2147483647;
			files = (
			);
			runOnlyForDeploymentPostprocessing = 0;
		};
/* End PBXResourcesBuildPhase section */

/* Begin PBXSourcesBuildPhase section */
		DDAF9F942CBF0EBD004827E5 /* Sources */ = {
			isa = PBXSourcesBuildPhase;
			buildActionMask = 2147483647;
			files = (
				DDAF9F9E2CBF0EBD004827E5 /* ContentView.swift in Sources */,
				DDAF9F9C2CBF0EBD004827E5 /* ImageViewerApp.swift in Sources */,
			);
			runOnlyForDeploymentPostprocessing = 0;
		};
		DDAF9FA42CBF0EC0004827E5 /* Sources */ = {
			isa = PBXSourcesBuildPhase;
			buildActionMask = 2147483647;
			files = (
				DDAF9FAD2CBF0EC0004827E5 /* ImageViewerTests.swift in Sources */,
			);
			runOnlyForDeploymentPostprocessing = 0;
		};
		DDAF9FAE2CBF0EC0004827E5 /* Sources */ = {
			isa = PBXSourcesBuildPhase;
			buildActionMask = 2147483647;
			files = (
				DDAF9FB92CBF0EC0004827E5 /* ImageViewerUITestsLaunchTests.swift in Sources */,
				DDAF9FB72CBF0EC0004827E5 /* ImageViewerUITests.swift in Sources */,
			);
			runOnlyForDeploymentPostprocessing = 0;
		};
/* End PBXSourcesBuildPhase section */

/* Begin PBXTargetDependency section */
		DDAF9FAA2CBF0EC0004827E5 /* PBXTargetDependency */ = {
			isa = PBXTargetDependency;
			target = DDAF9F972CBF0EBD004827E5 /* ImageViewer */;
			targetProxy = DDAF9FA92CBF0EC0004827E5 /* PBXContainerItemProxy */;
		};
		DDAF9FB42CBF0EC0004827E5 /* PBXTargetDependency */ = {
			isa = PBXTargetDependency;
			target = DDAF9F972CBF0EBD004827E5 /* ImageViewer */;
			targetProxy = DDAF9FB32CBF0EC0004827E5 /* PBXContainerItemProxy */;
		};
/* End PBXTargetDependency section */

/* Begin XCBuildConfiguration section */
		DDAF9FBA2CBF0EC0004827E5 /* Debug */ = {
			isa = XCBuildConfiguration;
			buildSettings = {
				ALWAYS_SEARCH_USER_PATHS = NO;
				ASSETCATALOG_COMPILER_GENERATE_SWIFT_ASSET_SYMBOL_EXTENSIONS = YES;
				CLANG_ANALYZER_NONNULL = YES;
				CLANG_ANALYZER_NUMBER_OBJECT_CONVERSION = YES_AGGRESSIVE;
				CLANG_CXX_LANGUAGE_STANDARD = "gnu++20";
				CLANG_ENABLE_MODULES = YES;
				CLANG_ENABLE_OBJC_ARC = YES;
				CLANG_ENABLE_OBJC_WEAK = YES;
				CLANG_WARN_BLOCK_CAPTURE_AUTORELEASING = YES;
				CLANG_WARN_BOOL_CONVERSION = YES;
				CLANG_WARN_COMMA = YES;
				CLANG_WARN_CONSTANT_CONVERSION = YES;
				CLANG_WARN_DEPRECATED_OBJC_IMPLEMENTATIONS = YES;
				CLANG_WARN_DIRECT_OBJC_ISA_USAGE = YES_ERROR;
				CLANG_WARN_DOCUMENTATION_COMMENTS = YES;
				CLANG_WARN_EMPTY_BODY = YES;
				CLANG_WARN_ENUM_CONVERSION = YES;
				CLANG_WARN_INFINITE_RECURSION = YES;
				CLANG_WARN_INT_CONVERSION = YES;
				CLANG_WARN_NON_LITERAL_NULL_CONVERSION = YES;
				CLANG_WARN_OBJC_IMPLICIT_RETAIN_SELF = YES;
				CLANG_WARN_OBJC_LITERAL_CONVERSION = YES;
				CLANG_WARN_OBJC_ROOT_CLASS = YES_ERROR;
				CLANG_WARN_QUOTED_INCLUDE_IN_FRAMEWORK_HEADER = YES;
				CLANG_WARN_RANGE_LOOP_ANALYSIS = YES;
				CLANG_WARN_STRICT_PROTOTYPES = YES;
				CLANG_WARN_SUSPICIOUS_MOVE = YES;
				CLANG_WARN_UNGUARDED_AVAILABILITY = YES_AGGRESSIVE;
				CLANG_WARN_UNREACHABLE_CODE = YES;
				CLANG_WARN__DUPLICATE_METHOD_MATCH = YES;
				COPY_PHASE_STRIP = NO;
				DEBUG_INFORMATION_FORMAT = dwarf;
				ENABLE_STRICT_OBJC_MSGSEND = YES;
				ENABLE_TESTABILITY = YES;
				ENABLE_USER_SCRIPT_SANDBOXING = YES;
				GCC_C_LANGUAGE_STANDARD = gnu17;
				GCC_DYNAMIC_NO_PIC = NO;
				GCC_NO_COMMON_BLOCKS = YES;
				GCC_OPTIMIZATION_LEVEL = 0;
				GCC_PREPROCESSOR_DEFINITIONS = (
					"DEBUG=1",
					"$(inherited)",
				);
				GCC_WARN_64_TO_32_BIT_CONVERSION = YES;
				GCC_WARN_ABOUT_RETURN_TYPE = YES_ERROR;
				GCC_WARN_UNDECLARED_SELECTOR = YES;
				GCC_WARN_UNINITIALIZED_AUTOS = YES_AGGRESSIVE;
				GCC_WARN_UNUSED_FUNCTION = YES;
				GCC_WARN_UNUSED_VARIABLE = YES;
				IPHONEOS_DEPLOYMENT_TARGET = 17.4;
				LOCALIZATION_PREFERS_STRING_CATALOGS = YES;
				MTL_ENABLE_DEBUG_INFO = INCLUDE_SOURCE;
				MTL_FAST_MATH = YES;
				ONLY_ACTIVE_ARCH = YES;
				SDKROOT = iphoneos;
				SWIFT_ACTIVE_COMPILATION_CONDITIONS = "DEBUG $(inherited)";
				SWIFT_OPTIMIZATION_LEVEL = "-Onone";
			};
			name = Debug;
		};
		DDAF9FBB2CBF0EC0004827E5 /* Release */ = {
			isa = XCBuildConfiguration;
			buildSettings = {
				ALWAYS_SEARCH_USER_PATHS = NO;
				ASSETCATALOG_COMPILER_GENERATE_SWIFT_ASSET_SYMBOL_EXTENSIONS = YES;
				CLANG_ANALYZER_NONNULL = YES;
				CLANG_ANALYZER_NUMBER_OBJECT_CONVERSION = YES_AGGRESSIVE;
				CLANG_CXX_LANGUAGE_STANDARD = "gnu++20";
				CLANG_ENABLE_MODULES = YES;
				CLANG_ENABLE_OBJC_ARC = YES;
				CLANG_ENABLE_OBJC_WEAK = YES;
				CLANG_WARN_BLOCK_CAPTURE_AUTORELEASING = YES;
				CLANG_WARN_BOOL_CONVERSION = YES;
				CLANG_WARN_COMMA = YES;
				CLANG_WARN_CONSTANT_CONVERSION = YES;
				CLANG_WARN_DEPRECATED_OBJC_IMPLEMENTATIONS = YES;
				CLANG_WARN_DIRECT_OBJC_ISA_USAGE = YES_ERROR;
				CLANG_WARN_DOCUMENTATION_COMMENTS = YES;
				CLANG_WARN_EMPTY_BODY = YES;
				CLANG_WARN_ENUM_CONVERSION = YES;
				CLANG_WARN_INFINITE_RECURSION = YES;
				CLANG_WARN_INT_CONVERSION = YES;
				CLANG_WARN_NON_LITERAL_NULL_CONVERSION = YES;
				CLANG_WARN_OBJC_IMPLICIT_RETAIN_SELF = YES;
				CLANG_WARN_OBJC_LITERAL_CONVERSION = YES;
				CLANG_WARN_OBJC_ROOT_CLASS = YES_ERROR;
				CLANG_WARN_QUOTED_INCLUDE_IN_FRAMEWORK_HEADER = YES;
				CLANG_WARN_RANGE_LOOP_ANALYSIS = YES;
				CLANG_WARN_STRICT_PROTOTYPES = YES;
				CLANG_WARN_SUSPICIOUS_MOVE = YES;
				CLANG_WARN_UNGUARDED_AVAILABILITY = YES_AGGRESSIVE;
				CLANG_WARN_UNREACHABLE_CODE = YES;
				CLANG_WARN__DUPLICATE_METHOD_MATCH = YES;
				COPY_PHASE_STRIP = NO;
				DEBUG_INFORMATION_FORMAT = "dwarf-with-dsym";
				ENABLE_NS_ASSERTIONS = NO;
				ENABLE_STRICT_OBJC_MSGSEND = YES;
				ENABLE_USER_SCRIPT_SANDBOXING = YES;
				GCC_C_LANGUAGE_STANDARD = gnu17;
				GCC_NO_COMMON_BLOCKS = YES;
				GCC_WARN_64_TO_32_BIT_CONVERSION = YES;
				GCC_WARN_ABOUT_RETURN_TYPE = YES_ERROR;
				GCC_WARN_UNDECLARED_SELECTOR = YES;
				GCC_WARN_UNINITIALIZED_AUTOS = YES_AGGRESSIVE;
				GCC_WARN_UNUSED_FUNCTION = YES;
				GCC_WARN_UNUSED_VARIABLE = YES;
				IPHONEOS_DEPLOYMENT_TARGET = 17.4;
				LOCALIZATION_PREFERS_STRING_CATALOGS = YES;
				MTL_ENABLE_DEBUG_INFO = NO;
				MTL_FAST_MATH = YES;
				SDKROOT = iphoneos;
				SWIFT_COMPILATION_MODE = wholemodule;
				VALIDATE_PRODUCT = YES;
			};
			name = Release;
		};
		DDAF9FBD2CBF0EC0004827E5 /* Debug */ = {
			isa = XCBuildConfiguration;
			buildSettings = {
				ASSETCATALOG_COMPILER_APPICON_NAME = AppIcon;
				ASSETCATALOG_COMPILER_GLOBAL_ACCENT_COLOR_NAME = AccentColor;
				CODE_SIGN_STYLE = Automatic;
				CURRENT_PROJECT_VERSION = 1;
				DEVELOPMENT_ASSET_PATHS = "\"ImageViewer/Preview Content\"";
				ENABLE_PREVIEWS = YES;
				GENERATE_INFOPLIST_FILE = YES;
				INFOPLIST_KEY_UIApplicationSceneManifest_Generation = YES;
				INFOPLIST_KEY_UIApplicationSupportsIndirectInputEvents = YES;
				INFOPLIST_KEY_UILaunchScreen_Generation = YES;
				INFOPLIST_KEY_UISupportedInterfaceOrientations_iPad = "UIInterfaceOrientationPortrait UIInterfaceOrientationPortraitUpsideDown UIInterfaceOrientationLandscapeLeft UIInterfaceOrientationLandscapeRight";
				INFOPLIST_KEY_UISupportedInterfaceOrientations_iPhone = "UIInterfaceOrientationPortrait UIInterfaceOrientationLandscapeLeft UIInterfaceOrientationLandscapeRight";
				LD_RUNPATH_SEARCH_PATHS = (
					"$(inherited)",
					"@executable_path/Frameworks",
				);
				MARKETING_VERSION = 1.0;
				PRODUCT_BUNDLE_IDENTIFIER = com.tony.ImageViewer;
				PRODUCT_NAME = "$(TARGET_NAME)";
				SWIFT_EMIT_LOC_STRINGS = YES;
				SWIFT_VERSION = 5.0;
				TARGETED_DEVICE_FAMILY = "1,2";
			};
			name = Debug;
		};
		DDAF9FBE2CBF0EC0004827E5 /* Release */ = {
			isa = XCBuildConfiguration;
			buildSettings = {
				ASSETCATALOG_COMPILER_APPICON_NAME = AppIcon;
				ASSETCATALOG_COMPILER_GLOBAL_ACCENT_COLOR_NAME = AccentColor;
				CODE_SIGN_STYLE = Automatic;
				CURRENT_PROJECT_VERSION = 1;
				DEVELOPMENT_ASSET_PATHS = "\"ImageViewer/Preview Content\"";
				ENABLE_PREVIEWS = YES;
				GENERATE_INFOPLIST_FILE = YES;
				INFOPLIST_KEY_UIApplicationSceneManifest_Generation = YES;
				INFOPLIST_KEY_UIApplicationSupportsIndirectInputEvents = YES;
				INFOPLIST_KEY_UILaunchScreen_Generation = YES;
				INFOPLIST_KEY_UISupportedInterfaceOrientations_iPad = "UIInterfaceOrientationPortrait UIInterfaceOrientationPortraitUpsideDown UIInterfaceOrientationLandscapeLeft UIInterfaceOrientationLandscapeRight";
				INFOPLIST_KEY_UISupportedInterfaceOrientations_iPhone = "UIInterfaceOrientationPortrait UIInterfaceOrientationLandscapeLeft UIInterfaceOrientationLandscapeRight";
				LD_RUNPATH_SEARCH_PATHS = (
					"$(inherited)",
					"@executable_path/Frameworks",
				);
				MARKETING_VERSION = 1.0;
				PRODUCT_BUNDLE_IDENTIFIER = com.tony.ImageViewer;
				PRODUCT_NAME = "$(TARGET_NAME)";
				SWIFT_EMIT_LOC_STRINGS = YES;
				SWIFT_VERSION = 5.0;
				TARGETED_DEVICE_FAMILY = "1,2";
			};
			name = Release;
		};
		DDAF9FC02CBF0EC0004827E5 /* Debug */ = {
			isa = XCBuildConfiguration;
			buildSettings = {
				ALWAYS_EMBED_SWIFT_STANDARD_LIBRARIES = YES;
				BUNDLE_LOADER = "$(TEST_HOST)";
				CODE_SIGN_STYLE = Automatic;
				CURRENT_PROJECT_VERSION = 1;
				GENERATE_INFOPLIST_FILE = YES;
				IPHONEOS_DEPLOYMENT_TARGET = 17.4;
				MARKETING_VERSION = 1.0;
				PRODUCT_BUNDLE_IDENTIFIER = com.tony.ImageViewerTests;
				PRODUCT_NAME = "$(TARGET_NAME)";
				SWIFT_EMIT_LOC_STRINGS = NO;
				SWIFT_VERSION = 5.0;
				TARGETED_DEVICE_FAMILY = "1,2";
				TEST_HOST = "$(BUILT_PRODUCTS_DIR)/ImageViewer.app/$(BUNDLE_EXECUTABLE_FOLDER_PATH)/ImageViewer";
			};
			name = Debug;
		};
		DDAF9FC12CBF0EC0004827E5 /* Release */ = {
			isa = XCBuildConfiguration;
			buildSettings = {
				ALWAYS_EMBED_SWIFT_STANDARD_LIBRARIES = YES;
				BUNDLE_LOADER = "$(TEST_HOST)";
				CODE_SIGN_STYLE = Automatic;
				CURRENT_PROJECT_VERSION = 1;
				GENERATE_INFOPLIST_FILE = YES;
				IPHONEOS_DEPLOYMENT_TARGET = 17.4;
				MARKETING_VERSION = 1.0;
				PRODUCT_BUNDLE_IDENTIFIER = com.tony.ImageViewerTests;
				PRODUCT_NAME = "$(TARGET_NAME)";
				SWIFT_EMIT_LOC_STRINGS = NO;
				SWIFT_VERSION = 5.0;
				TARGETED_DEVICE_FAMILY = "1,2";
				TEST_HOST = "$(BUILT_PRODUCTS_DIR)/ImageViewer.app/$(BUNDLE_EXECUTABLE_FOLDER_PATH)/ImageViewer";
			};
			name = Release;
		};
		DDAF9FC32CBF0EC0004827E5 /* Debug */ = {
			isa = XCBuildConfiguration;
			buildSettings = {
				ALWAYS_EMBED_SWIFT_STANDARD_LIBRARIES = YES;
				CODE_SIGN_STYLE = Automatic;
				CURRENT_PROJECT_VERSION = 1;
				GENERATE_INFOPLIST_FILE = YES;
				MARKETING_VERSION = 1.0;
				PRODUCT_BUNDLE_IDENTIFIER = com.tony.ImageViewerUITests;
				PRODUCT_NAME = "$(TARGET_NAME)";
				SWIFT_EMIT_LOC_STRINGS = NO;
				SWIFT_VERSION = 5.0;
				TARGETED_DEVICE_FAMILY = "1,2";
				TEST_TARGET_NAME = ImageViewer;
			};
			name = Debug;
		};
		DDAF9FC42CBF0EC0004827E5 /* Release */ = {
			isa = XCBuildConfiguration;
			buildSettings = {
				ALWAYS_EMBED_SWIFT_STANDARD_LIBRARIES = YES;
				CODE_SIGN_STYLE = Automatic;
				CURRENT_PROJECT_VERSION = 1;
				GENERATE_INFOPLIST_FILE = YES;
				MARKETING_VERSION = 1.0;
				PRODUCT_BUNDLE_IDENTIFIER = com.tony.ImageViewerUITests;
				PRODUCT_NAME = "$(TARGET_NAME)";
				SWIFT_EMIT_LOC_STRINGS = NO;
				SWIFT_VERSION = 5.0;
				TARGETED_DEVICE_FAMILY = "1,2";
				TEST_TARGET_NAME = ImageViewer;
			};
			name = Release;
		};
/* End XCBuildConfiguration section */

/* Begin XCConfigurationList section */
		DDAF9F932CBF0EBD004827E5 /* Build configuration list for PBXProject "ImageViewer" */ = {
			isa = XCConfigurationList;
			buildConfigurations = (
				DDAF9FBA2CBF0EC0004827E5 /* Debug */,
				DDAF9FBB2CBF0EC0004827E5 /* Release */,
			);
			defaultConfigurationIsVisible = 0;
			defaultConfigurationName = Release;
		};
		DDAF9FBC2CBF0EC0004827E5 /* Build configuration list for PBXNativeTarget "ImageViewer" */ = {
			isa = XCConfigurationList;
			buildConfigurations = (
				DDAF9FBD2CBF0EC0004827E5 /* Debug */,
				DDAF9FBE2CBF0EC0004827E5 /* Release */,
			);
			defaultConfigurationIsVisible = 0;
			defaultConfigurationName = Release;
		};
		DDAF9FBF2CBF0EC0004827E5 /* Build configuration list for PBXNativeTarget "ImageViewerTests" */ = {
			isa = XCConfigurationList;
			buildConfigurations = (
				DDAF9FC02CBF0EC0004827E5 /* Debug */,
				DDAF9FC12CBF0EC0004827E5 /* Release */,
			);
			defaultConfigurationIsVisible = 0;
			defaultConfigurationName = Release;
		};
		DDAF9FC22CBF0EC0004827E5 /* Build configuration list for PBXNativeTarget "ImageViewerUITests" */ = {
			isa = XCConfigurationList;
			buildConfigurations = (
				DDAF9FC32CBF0EC0004827E5 /* Debug */,
				DDAF9FC42CBF0EC0004827E5 /* Release */,
			);
			defaultConfigurationIsVisible = 0;
			defaultConfigurationName = Release;
		};
/* End XCConfigurationList section */
	};
	rootObject = DDAF9F902CBF0EBD004827E5 /* Project object */;
}
